// !$*UTF8*$!
{
	archiveVersion = 1;
	classes = {
	};
	objectVersion = 56;
	objects = {

/* Begin PBXBuildFile section */
		04BDC7DD2A2413C500BF278B /* Store.swift in Sources */ = {isa = PBXBuildFile; fileRef = 04BDC7DC2A2413C500BF278B /* Store.swift */; };
		04BDC7E02A24141500BF278B /* User.swift in Sources */ = {isa = PBXBuildFile; fileRef = 04BDC7DF2A24141500BF278B /* User.swift */; };
		04BDC7E22A2414AF00BF278B /* Loyalty.swift in Sources */ = {isa = PBXBuildFile; fileRef = 04BDC7E12A2414AF00BF278B /* Loyalty.swift */; };
		04BDC7E42A2414EA00BF278B /* Coupon.swift in Sources */ = {isa = PBXBuildFile; fileRef = 04BDC7E32A2414EA00BF278B /* Coupon.swift */; };
		04BDC7E62A24152200BF278B /* APIResponse.swift in Sources */ = {isa = PBXBuildFile; fileRef = 04BDC7E52A24152200BF278B /* APIResponse.swift */; };
		04BDC7E82A24157000BF278B /* Routes.swift in Sources */ = {isa = PBXBuildFile; fileRef = 04BDC7E72A24157000BF278B /* Routes.swift */; };
		04BDC7EA2A2415B100BF278B /* ViewFactory.swift in Sources */ = {isa = PBXBuildFile; fileRef = 04BDC7E92A2415B100BF278B /* ViewFactory.swift */; };
		422D9C652A11CA64004681D7 /* MyRewardsApp.swift in Sources */ = {isa = PBXBuildFile; fileRef = 422D9C642A11CA64004681D7 /* MyRewardsApp.swift */; };
		422D9C672A11CA64004681D7 /* ContentView.swift in Sources */ = {isa = PBXBuildFile; fileRef = 422D9C662A11CA64004681D7 /* ContentView.swift */; };
		422D9C692A11CA65004681D7 /* Assets.xcassets in Resources */ = {isa = PBXBuildFile; fileRef = 422D9C682A11CA65004681D7 /* Assets.xcassets */; };
		422D9C6C2A11CA65004681D7 /* Preview Assets.xcassets in Resources */ = {isa = PBXBuildFile; fileRef = 422D9C6B2A11CA65004681D7 /* Preview Assets.xcassets */; };
		429B4FF12A241E5800108787 /* CustomerViewInfoViewModel.swift in Sources */ = {isa = PBXBuildFile; fileRef = 429B4FF02A241E5800108787 /* CustomerViewInfoViewModel.swift */; };
		429B4FF32A241F4900108787 /* CustomerStoreInfo.swift in Sources */ = {isa = PBXBuildFile; fileRef = 429B4FF22A241F4900108787 /* CustomerStoreInfo.swift */; };
		429B4FF52A241FB200108787 /* AppEnvironment.swift in Sources */ = {isa = PBXBuildFile; fileRef = 429B4FF42A241FB200108787 /* AppEnvironment.swift */; };
/* End PBXBuildFile section */

/* Begin PBXFileReference section */
		04BDC7DC2A2413C500BF278B /* Store.swift */ = {isa = PBXFileReference; lastKnownFileType = sourcecode.swift; path = Store.swift; sourceTree = "<group>"; };
		04BDC7DF2A24141500BF278B /* User.swift */ = {isa = PBXFileReference; lastKnownFileType = sourcecode.swift; path = User.swift; sourceTree = "<group>"; };
		04BDC7E12A2414AF00BF278B /* Loyalty.swift */ = {isa = PBXFileReference; lastKnownFileType = sourcecode.swift; path = Loyalty.swift; sourceTree = "<group>"; };
		04BDC7E32A2414EA00BF278B /* Coupon.swift */ = {isa = PBXFileReference; lastKnownFileType = sourcecode.swift; path = Coupon.swift; sourceTree = "<group>"; };
		04BDC7E52A24152200BF278B /* APIResponse.swift */ = {isa = PBXFileReference; lastKnownFileType = sourcecode.swift; path = APIResponse.swift; sourceTree = "<group>"; };
		04BDC7E72A24157000BF278B /* Routes.swift */ = {isa = PBXFileReference; lastKnownFileType = sourcecode.swift; path = Routes.swift; sourceTree = "<group>"; };
		04BDC7E92A2415B100BF278B /* ViewFactory.swift */ = {isa = PBXFileReference; lastKnownFileType = sourcecode.swift; path = ViewFactory.swift; sourceTree = "<group>"; };
		422D9C612A11CA64004681D7 /* MyRewards.app */ = {isa = PBXFileReference; explicitFileType = wrapper.application; includeInIndex = 0; path = MyRewards.app; sourceTree = BUILT_PRODUCTS_DIR; };
		422D9C642A11CA64004681D7 /* MyRewardsApp.swift */ = {isa = PBXFileReference; lastKnownFileType = sourcecode.swift; path = MyRewardsApp.swift; sourceTree = "<group>"; };
		422D9C662A11CA64004681D7 /* ContentView.swift */ = {isa = PBXFileReference; lastKnownFileType = sourcecode.swift; path = ContentView.swift; sourceTree = "<group>"; };
		422D9C682A11CA65004681D7 /* Assets.xcassets */ = {isa = PBXFileReference; lastKnownFileType = folder.assetcatalog; path = Assets.xcassets; sourceTree = "<group>"; };
		422D9C6B2A11CA65004681D7 /* Preview Assets.xcassets */ = {isa = PBXFileReference; lastKnownFileType = folder.assetcatalog; path = "Preview Assets.xcassets"; sourceTree = "<group>"; };
		429B4FF02A241E5800108787 /* CustomerViewInfoViewModel.swift */ = {isa = PBXFileReference; lastKnownFileType = sourcecode.swift; path = CustomerViewInfoViewModel.swift; sourceTree = "<group>"; };
		429B4FF22A241F4900108787 /* CustomerStoreInfo.swift */ = {isa = PBXFileReference; fileEncoding = 4; lastKnownFileType = sourcecode.swift; path = CustomerStoreInfo.swift; sourceTree = "<group>"; };
		429B4FF42A241FB200108787 /* AppEnvironment.swift */ = {isa = PBXFileReference; fileEncoding = 4; lastKnownFileType = sourcecode.swift; path = AppEnvironment.swift; sourceTree = "<group>"; };
		429B4FF82A242ABA00108787 /* CustomerCouponViewSheet.swift */ = {isa = PBXFileReference; fileEncoding = 4; lastKnownFileType = sourcecode.swift; path = CustomerCouponViewSheet.swift; sourceTree = "<group>"; };
		429B50002A242DC900108787 /* Homepage.swift */ = {isa = PBXFileReference; fileEncoding = 4; lastKnownFileType = sourcecode.swift; path = Homepage.swift; sourceTree = "<group>"; };
		429B50012A242DC900108787 /* HomepageViewModel.swift */ = {isa = PBXFileReference; fileEncoding = 4; lastKnownFileType = sourcecode.swift; path = HomepageViewModel.swift; sourceTree = "<group>"; };
		429B50072A242E3300108787 /* OverlayableLoadingIndicator.swift */ = {isa = PBXFileReference; fileEncoding = 4; lastKnownFileType = sourcecode.swift; path = OverlayableLoadingIndicator.swift; sourceTree = "<group>"; };
		429B50082A242E3300108787 /* ActivityIndicator.swift */ = {isa = PBXFileReference; fileEncoding = 4; lastKnownFileType = sourcecode.swift; path = ActivityIndicator.swift; sourceTree = "<group>"; };
/* End PBXFileReference section */

/* Begin PBXFrameworksBuildPhase section */
		422D9C5E2A11CA64004681D7 /* Frameworks */ = {
			isa = PBXFrameworksBuildPhase;
			buildActionMask = 2147483647;
			files = (
				429B50062A242E0D00108787 /* Colorful in Frameworks */,
				429B4FFE2A242B5D00108787 /* QRCode in Frameworks */,
			);
			runOnlyForDeploymentPostprocessing = 0;
		};
/* End PBXFrameworksBuildPhase section */

/* Begin PBXGroup section */
		04BDC7DE2A2413D000BF278B /* Models */ = {
			isa = PBXGroup;
			children = (
				04BDC7DC2A2413C500BF278B /* Store.swift */,
				04BDC7DF2A24141500BF278B /* User.swift */,
				04BDC7E12A2414AF00BF278B /* Loyalty.swift */,
				04BDC7E32A2414EA00BF278B /* Coupon.swift */,
				04BDC7E52A24152200BF278B /* APIResponse.swift */,
				429B4FF42A241FB200108787 /* AppEnvironment.swift */,
			);
			path = Models;
			sourceTree = "<group>";
		};
		04BDC7EB2A24161400BF278B /* Routing */ = {
			isa = PBXGroup;
			children = (
				04BDC7E92A2415B100BF278B /* ViewFactory.swift */,
				04BDC7E72A24157000BF278B /* Routes.swift */,
			);
			path = Routing;
			sourceTree = "<group>";
		};
		2539380A2A242B6100928CD2 /* Http */ = {
			isa = PBXGroup;
			children = (
				2539380D2A242B9800928CD2 /* APIManager.swift */,
				2539380B2A242B9800928CD2 /* LoyaltyAPI.swift */,
				2539380C2A242B9800928CD2 /* StoreAPI.swift */,
				2539380E2A242B9800928CD2 /* UserAPI.swift */,
			);
			path = Http;
			sourceTree = "<group>";
		};
		253938152A242D4C00928CD2 /* SignIn */ = {
			isa = PBXGroup;
			children = (
				253938162A242D4C00928CD2 /* SignIn.swift */,
				253938172A242D4C00928CD2 /* SignInViewModel.swift */,
			);
			path = SignIn;
			sourceTree = "<group>";
		};
		422D9C582A11CA63004681D7 = {
			isa = PBXGroup;
			children = (
				422D9C632A11CA64004681D7 /* MyRewards */,
				422D9C622A11CA64004681D7 /* Products */,
			);
			sourceTree = "<group>";
		};
		422D9C622A11CA64004681D7 /* Products */ = {
			isa = PBXGroup;
			children = (
				422D9C612A11CA64004681D7 /* MyRewards.app */,
			);
			name = Products;
			sourceTree = "<group>";
		};
		422D9C632A11CA64004681D7 /* MyRewards */ = {
			isa = PBXGroup;
			children = (
				253938132A242C7100928CD2 /* Info.plist */,
				2539380A2A242B6100928CD2 /* Http */,
				04BDC7EB2A24161400BF278B /* Routing */,
				04BDC7DE2A2413D000BF278B /* Models */,
				429B4FED2A241DCE00108787 /* Views */,
				429B50082A242E3300108787 /* ActivityIndicator.swift */,
				429B50072A242E3300108787 /* OverlayableLoadingIndicator.swift */,
				422D9C642A11CA64004681D7 /* MyRewardsApp.swift */,
				422D9C662A11CA64004681D7 /* ContentView.swift */,
				422D9C682A11CA65004681D7 /* Assets.xcassets */,
				422D9C6A2A11CA65004681D7 /* Preview Content */,
			);
			path = MyRewards;
			sourceTree = "<group>";
		};
		422D9C6A2A11CA65004681D7 /* Preview Content */ = {
			isa = PBXGroup;
			children = (
				422D9C6B2A11CA65004681D7 /* Preview Assets.xcassets */,
			);
			path = "Preview Content";
			sourceTree = "<group>";
		};
		429B4FED2A241DCE00108787 /* Views */ = {
			isa = PBXGroup;
			children = (
				253938152A242D4C00928CD2 /* SignIn */,
				429B4FEE2A241DE600108787 /* Customer */,
			);
			path = Views;
			sourceTree = "<group>";
		};
		429B4FEE2A241DE600108787 /* Customer */ = {
			isa = PBXGroup;
			children = (
				429B4FEF2A241E1700108787 /* CustomerStoreInfo */,
				429B4FFF2A242DC900108787 /* Homepage */,
			);
			path = Customer;
			sourceTree = "<group>";
		};
		429B4FEF2A241E1700108787 /* CustomerStoreInfo */ = {
			isa = PBXGroup;
			children = (
				429B4FF22A241F4900108787 /* CustomerStoreInfo.swift */,
				429B4FF02A241E5800108787 /* CustomerViewInfoViewModel.swift */,
				429B4FF82A242ABA00108787 /* CustomerCouponViewSheet.swift */,
			);
			path = CustomerStoreInfo;
			sourceTree = "<group>";
		};
		429B4FFF2A242DC900108787 /* Homepage */ = {
			isa = PBXGroup;
			children = (
				429B50002A242DC900108787 /* Homepage.swift */,
				429B50012A242DC900108787 /* HomepageViewModel.swift */,
			);
			path = Homepage;
			sourceTree = "<group>";
		};
/* End PBXGroup section */

/* Begin PBXNativeTarget section */
		422D9C602A11CA64004681D7 /* MyRewards */ = {
			isa = PBXNativeTarget;
			buildConfigurationList = 422D9C6F2A11CA65004681D7 /* Build configuration list for PBXNativeTarget "MyRewards" */;
			buildPhases = (
				422D9C5D2A11CA64004681D7 /* Sources */,
				422D9C5E2A11CA64004681D7 /* Frameworks */,
				422D9C5F2A11CA64004681D7 /* Resources */,
			);
			buildRules = (
			);
			dependencies = (
			);
			name = MyRewards;
			packageProductDependencies = (
				429B4FFD2A242B5D00108787 /* QRCode */,
				429B50052A242E0D00108787 /* Colorful */,
			);
			productName = MyRewards;
			productReference = 422D9C612A11CA64004681D7 /* MyRewards.app */;
			productType = "com.apple.product-type.application";
		};
/* End PBXNativeTarget section */

/* Begin PBXProject section */
		422D9C592A11CA63004681D7 /* Project object */ = {
			isa = PBXProject;
			attributes = {
				BuildIndependentTargetsInParallel = 1;
				LastSwiftUpdateCheck = 1430;
				LastUpgradeCheck = 1430;
				TargetAttributes = {
					422D9C602A11CA64004681D7 = {
						CreatedOnToolsVersion = 14.3;
					};
				};
			};
			buildConfigurationList = 422D9C5C2A11CA63004681D7 /* Build configuration list for PBXProject "MyRewards" */;
			compatibilityVersion = "Xcode 14.0";
			developmentRegion = en;
			hasScannedForEncodings = 0;
			knownRegions = (
				en,
				Base,
			);
			mainGroup = 422D9C582A11CA63004681D7;
			packageReferences = (
				429B4FFC2A242B5D00108787 /* XCRemoteSwiftPackageReference "qrcode" */,
				429B50042A242E0D00108787 /* XCRemoteSwiftPackageReference "Colorful" */,
			);
			productRefGroup = 422D9C622A11CA64004681D7 /* Products */;
			projectDirPath = "";
			projectRoot = "";
			targets = (
				422D9C602A11CA64004681D7 /* MyRewards */,
			);
		};
/* End PBXProject section */

/* Begin PBXResourcesBuildPhase section */
		422D9C5F2A11CA64004681D7 /* Resources */ = {
			isa = PBXResourcesBuildPhase;
			buildActionMask = 2147483647;
			files = (
				422D9C6C2A11CA65004681D7 /* Preview Assets.xcassets in Resources */,
				422D9C692A11CA65004681D7 /* Assets.xcassets in Resources */,
				253938142A242C7100928CD2 /* Info.plist in Resources */,
			);
			runOnlyForDeploymentPostprocessing = 0;
		};
/* End PBXResourcesBuildPhase section */

/* Begin PBXSourcesBuildPhase section */
		422D9C5D2A11CA64004681D7 /* Sources */ = {
			isa = PBXSourcesBuildPhase;
			buildActionMask = 2147483647;
			files = (
				2539380F2A242B9800928CD2 /* LoyaltyAPI.swift in Sources */,
				253938122A242B9800928CD2 /* UserAPI.swift in Sources */,
				253938182A242D4C00928CD2 /* SignIn.swift in Sources */,
				04BDC7E62A24152200BF278B /* APIResponse.swift in Sources */,
				04BDC7E82A24157000BF278B /* Routes.swift in Sources */,
				04BDC7E02A24141500BF278B /* User.swift in Sources */,
				04BDC7DD2A2413C500BF278B /* Store.swift in Sources */,
				04BDC7EA2A2415B100BF278B /* ViewFactory.swift in Sources */,
				253938102A242B9800928CD2 /* StoreAPI.swift in Sources */,
				429B4FF52A241FB200108787 /* AppEnvironment.swift in Sources */,
				422D9C672A11CA64004681D7 /* ContentView.swift in Sources */,
				429B50092A242E3300108787 /* OverlayableLoadingIndicator.swift in Sources */,
				04BDC7E42A2414EA00BF278B /* Coupon.swift in Sources */,
				429B4FF12A241E5800108787 /* CustomerViewInfoViewModel.swift in Sources */,
				429B4FF32A241F4900108787 /* CustomerStoreInfo.swift in Sources */,
				253938192A242D4C00928CD2 /* SignInViewModel.swift in Sources */,
				253938112A242B9800928CD2 /* APIManager.swift in Sources */,
				422D9C652A11CA64004681D7 /* MyRewardsApp.swift in Sources */,
				04BDC7E22A2414AF00BF278B /* Loyalty.swift in Sources */,
				429B4FF92A242ABA00108787 /* CustomerCouponViewSheet.swift in Sources */,
				429B50022A242DC900108787 /* Homepage.swift in Sources */,
				429B500A2A242E3300108787 /* ActivityIndicator.swift in Sources */,
			);
			runOnlyForDeploymentPostprocessing = 0;
		};
/* End PBXSourcesBuildPhase section */

/* Begin XCBuildConfiguration section */
		422D9C6D2A11CA65004681D7 /* Debug */ = {
			isa = XCBuildConfiguration;
			buildSettings = {
				ALWAYS_SEARCH_USER_PATHS = NO;
				CLANG_ANALYZER_NONNULL = YES;
				CLANG_ANALYZER_NUMBER_OBJECT_CONVERSION = YES_AGGRESSIVE;
				CLANG_CXX_LANGUAGE_STANDARD = "gnu++20";
				CLANG_ENABLE_MODULES = YES;
				CLANG_ENABLE_OBJC_ARC = YES;
				CLANG_ENABLE_OBJC_WEAK = YES;
				CLANG_WARN_BLOCK_CAPTURE_AUTORELEASING = YES;
				CLANG_WARN_BOOL_CONVERSION = YES;
				CLANG_WARN_COMMA = YES;
				CLANG_WARN_CONSTANT_CONVERSION = YES;
				CLANG_WARN_DEPRECATED_OBJC_IMPLEMENTATIONS = YES;
				CLANG_WARN_DIRECT_OBJC_ISA_USAGE = YES_ERROR;
				CLANG_WARN_DOCUMENTATION_COMMENTS = YES;
				CLANG_WARN_EMPTY_BODY = YES;
				CLANG_WARN_ENUM_CONVERSION = YES;
				CLANG_WARN_INFINITE_RECURSION = YES;
				CLANG_WARN_INT_CONVERSION = YES;
				CLANG_WARN_NON_LITERAL_NULL_CONVERSION = YES;
				CLANG_WARN_OBJC_IMPLICIT_RETAIN_SELF = YES;
				CLANG_WARN_OBJC_LITERAL_CONVERSION = YES;
				CLANG_WARN_OBJC_ROOT_CLASS = YES_ERROR;
				CLANG_WARN_QUOTED_INCLUDE_IN_FRAMEWORK_HEADER = YES;
				CLANG_WARN_RANGE_LOOP_ANALYSIS = YES;
				CLANG_WARN_STRICT_PROTOTYPES = YES;
				CLANG_WARN_SUSPICIOUS_MOVE = YES;
				CLANG_WARN_UNGUARDED_AVAILABILITY = YES_AGGRESSIVE;
				CLANG_WARN_UNREACHABLE_CODE = YES;
				CLANG_WARN__DUPLICATE_METHOD_MATCH = YES;
				COPY_PHASE_STRIP = NO;
				DEBUG_INFORMATION_FORMAT = dwarf;
				ENABLE_STRICT_OBJC_MSGSEND = YES;
				ENABLE_TESTABILITY = YES;
				GCC_C_LANGUAGE_STANDARD = gnu11;
				GCC_DYNAMIC_NO_PIC = NO;
				GCC_NO_COMMON_BLOCKS = YES;
				GCC_OPTIMIZATION_LEVEL = 0;
				GCC_PREPROCESSOR_DEFINITIONS = (
					"DEBUG=1",
					"$(inherited)",
				);
				GCC_WARN_64_TO_32_BIT_CONVERSION = YES;
				GCC_WARN_ABOUT_RETURN_TYPE = YES_ERROR;
				GCC_WARN_UNDECLARED_SELECTOR = YES;
				GCC_WARN_UNINITIALIZED_AUTOS = YES_AGGRESSIVE;
				GCC_WARN_UNUSED_FUNCTION = YES;
				GCC_WARN_UNUSED_VARIABLE = YES;
				IPHONEOS_DEPLOYMENT_TARGET = 16.4;
				MTL_ENABLE_DEBUG_INFO = INCLUDE_SOURCE;
				MTL_FAST_MATH = YES;
				ONLY_ACTIVE_ARCH = YES;
				SDKROOT = iphoneos;
				SWIFT_ACTIVE_COMPILATION_CONDITIONS = DEBUG;
				SWIFT_OPTIMIZATION_LEVEL = "-Onone";
			};
			name = Debug;
		};
		422D9C6E2A11CA65004681D7 /* Release */ = {
			isa = XCBuildConfiguration;
			buildSettings = {
				ALWAYS_SEARCH_USER_PATHS = NO;
				CLANG_ANALYZER_NONNULL = YES;
				CLANG_ANALYZER_NUMBER_OBJECT_CONVERSION = YES_AGGRESSIVE;
				CLANG_CXX_LANGUAGE_STANDARD = "gnu++20";
				CLANG_ENABLE_MODULES = YES;
				CLANG_ENABLE_OBJC_ARC = YES;
				CLANG_ENABLE_OBJC_WEAK = YES;
				CLANG_WARN_BLOCK_CAPTURE_AUTORELEASING = YES;
				CLANG_WARN_BOOL_CONVERSION = YES;
				CLANG_WARN_COMMA = YES;
				CLANG_WARN_CONSTANT_CONVERSION = YES;
				CLANG_WARN_DEPRECATED_OBJC_IMPLEMENTATIONS = YES;
				CLANG_WARN_DIRECT_OBJC_ISA_USAGE = YES_ERROR;
				CLANG_WARN_DOCUMENTATION_COMMENTS = YES;
				CLANG_WARN_EMPTY_BODY = YES;
				CLANG_WARN_ENUM_CONVERSION = YES;
				CLANG_WARN_INFINITE_RECURSION = YES;
				CLANG_WARN_INT_CONVERSION = YES;
				CLANG_WARN_NON_LITERAL_NULL_CONVERSION = YES;
				CLANG_WARN_OBJC_IMPLICIT_RETAIN_SELF = YES;
				CLANG_WARN_OBJC_LITERAL_CONVERSION = YES;
				CLANG_WARN_OBJC_ROOT_CLASS = YES_ERROR;
				CLANG_WARN_QUOTED_INCLUDE_IN_FRAMEWORK_HEADER = YES;
				CLANG_WARN_RANGE_LOOP_ANALYSIS = YES;
				CLANG_WARN_STRICT_PROTOTYPES = YES;
				CLANG_WARN_SUSPICIOUS_MOVE = YES;
				CLANG_WARN_UNGUARDED_AVAILABILITY = YES_AGGRESSIVE;
				CLANG_WARN_UNREACHABLE_CODE = YES;
				CLANG_WARN__DUPLICATE_METHOD_MATCH = YES;
				COPY_PHASE_STRIP = NO;
				DEBUG_INFORMATION_FORMAT = "dwarf-with-dsym";
				ENABLE_NS_ASSERTIONS = NO;
				ENABLE_STRICT_OBJC_MSGSEND = YES;
				GCC_C_LANGUAGE_STANDARD = gnu11;
				GCC_NO_COMMON_BLOCKS = YES;
				GCC_WARN_64_TO_32_BIT_CONVERSION = YES;
				GCC_WARN_ABOUT_RETURN_TYPE = YES_ERROR;
				GCC_WARN_UNDECLARED_SELECTOR = YES;
				GCC_WARN_UNINITIALIZED_AUTOS = YES_AGGRESSIVE;
				GCC_WARN_UNUSED_FUNCTION = YES;
				GCC_WARN_UNUSED_VARIABLE = YES;
				IPHONEOS_DEPLOYMENT_TARGET = 16.4;
				MTL_ENABLE_DEBUG_INFO = NO;
				MTL_FAST_MATH = YES;
				SDKROOT = iphoneos;
				SWIFT_COMPILATION_MODE = wholemodule;
				SWIFT_OPTIMIZATION_LEVEL = "-O";
				VALIDATE_PRODUCT = YES;
			};
			name = Release;
		};
		422D9C702A11CA65004681D7 /* Debug */ = {
			isa = XCBuildConfiguration;
			buildSettings = {
				ASSETCATALOG_COMPILER_APPICON_NAME = AppIcon;
				ASSETCATALOG_COMPILER_GLOBAL_ACCENT_COLOR_NAME = AccentColor;
				CODE_SIGN_STYLE = Automatic;
				CURRENT_PROJECT_VERSION = 1;
				DEVELOPMENT_ASSET_PATHS = "\"MyRewards/Preview Content\"";
				DEVELOPMENT_TEAM = 59XW7Z84R6;
				ENABLE_PREVIEWS = YES;
				GENERATE_INFOPLIST_FILE = YES;
				INFOPLIST_KEY_UIApplicationSceneManifest_Generation = YES;
				INFOPLIST_KEY_UIApplicationSupportsIndirectInputEvents = YES;
				INFOPLIST_KEY_UILaunchScreen_Generation = YES;
				INFOPLIST_KEY_UISupportedInterfaceOrientations_iPad = "UIInterfaceOrientationPortrait UIInterfaceOrientationPortraitUpsideDown UIInterfaceOrientationLandscapeLeft UIInterfaceOrientationLandscapeRight";
				INFOPLIST_KEY_UISupportedInterfaceOrientations_iPhone = "UIInterfaceOrientationPortrait UIInterfaceOrientationLandscapeLeft UIInterfaceOrientationLandscapeRight";
				LD_RUNPATH_SEARCH_PATHS = (
					"$(inherited)",
					"@executable_path/Frameworks",
				);
				MARKETING_VERSION = 1.0;
				PRODUCT_BUNDLE_IDENTIFIER = uc.MyRewards;
				PRODUCT_NAME = "$(TARGET_NAME)";
				SWIFT_EMIT_LOC_STRINGS = YES;
				SWIFT_VERSION = 5.0;
				TARGETED_DEVICE_FAMILY = "1,2";
			};
			name = Debug;
		};
		422D9C712A11CA65004681D7 /* Release */ = {
			isa = XCBuildConfiguration;
			buildSettings = {
				ASSETCATALOG_COMPILER_APPICON_NAME = AppIcon;
				ASSETCATALOG_COMPILER_GLOBAL_ACCENT_COLOR_NAME = AccentColor;
				CODE_SIGN_STYLE = Automatic;
				CURRENT_PROJECT_VERSION = 1;
				DEVELOPMENT_ASSET_PATHS = "\"MyRewards/Preview Content\"";
				DEVELOPMENT_TEAM = 59XW7Z84R6;
				ENABLE_PREVIEWS = YES;
				GENERATE_INFOPLIST_FILE = YES;
				INFOPLIST_KEY_UIApplicationSceneManifest_Generation = YES;
				INFOPLIST_KEY_UIApplicationSupportsIndirectInputEvents = YES;
				INFOPLIST_KEY_UILaunchScreen_Generation = YES;
				INFOPLIST_KEY_UISupportedInterfaceOrientations_iPad = "UIInterfaceOrientationPortrait UIInterfaceOrientationPortraitUpsideDown UIInterfaceOrientationLandscapeLeft UIInterfaceOrientationLandscapeRight";
				INFOPLIST_KEY_UISupportedInterfaceOrientations_iPhone = "UIInterfaceOrientationPortrait UIInterfaceOrientationLandscapeLeft UIInterfaceOrientationLandscapeRight";
				LD_RUNPATH_SEARCH_PATHS = (
					"$(inherited)",
					"@executable_path/Frameworks",
				);
				MARKETING_VERSION = 1.0;
				PRODUCT_BUNDLE_IDENTIFIER = uc.MyRewards;
				PRODUCT_NAME = "$(TARGET_NAME)";
				SWIFT_EMIT_LOC_STRINGS = YES;
				SWIFT_VERSION = 5.0;
				TARGETED_DEVICE_FAMILY = "1,2";
			};
			name = Release;
		};
/* End XCBuildConfiguration section */

/* Begin XCConfigurationList section */
		422D9C5C2A11CA63004681D7 /* Build configuration list for PBXProject "MyRewards" */ = {
			isa = XCConfigurationList;
			buildConfigurations = (
				422D9C6D2A11CA65004681D7 /* Debug */,
				422D9C6E2A11CA65004681D7 /* Release */,
			);
			defaultConfigurationIsVisible = 0;
			defaultConfigurationName = Release;
		};
		422D9C6F2A11CA65004681D7 /* Build configuration list for PBXNativeTarget "MyRewards" */ = {
			isa = XCConfigurationList;
			buildConfigurations = (
				422D9C702A11CA65004681D7 /* Debug */,
				422D9C712A11CA65004681D7 /* Release */,
			);
			defaultConfigurationIsVisible = 0;
			defaultConfigurationName = Release;
		};
/* End XCConfigurationList section */

/* Begin XCRemoteSwiftPackageReference section */
		429B4FFC2A242B5D00108787 /* XCRemoteSwiftPackageReference "qrcode" */ = {
			isa = XCRemoteSwiftPackageReference;
			repositoryURL = "https://github.com/dagronf/qrcode.git";
			requirement = {
				kind = upToNextMajorVersion;
				minimumVersion = 14.0.0;
			};
		};
		429B50042A242E0D00108787 /* XCRemoteSwiftPackageReference "Colorful" */ = {
			isa = XCRemoteSwiftPackageReference;
			repositoryURL = "https://github.com/Lakr233/Colorful.git";
			requirement = {
				kind = upToNextMajorVersion;
				minimumVersion = 1.0.0;
			};
		};
/* End XCRemoteSwiftPackageReference section */

/* Begin XCSwiftPackageProductDependency section */
		429B4FFD2A242B5D00108787 /* QRCode */ = {
			isa = XCSwiftPackageProductDependency;
			package = 429B4FFC2A242B5D00108787 /* XCRemoteSwiftPackageReference "qrcode" */;
			productName = QRCode;
		};
		429B50052A242E0D00108787 /* Colorful */ = {
			isa = XCSwiftPackageProductDependency;
			package = 429B50042A242E0D00108787 /* XCRemoteSwiftPackageReference "Colorful" */;
			productName = Colorful;
		};
/* End XCSwiftPackageProductDependency section */
	};
	rootObject = 422D9C592A11CA63004681D7 /* Project object */;
}
